// !$*UTF8*$!
{
	archiveVersion = 1;
	classes = {
	};
	objectVersion = 50;
	objects = {

/* Begin PBXBuildFile section */
		8767BDDF2504CE970096AC7F /* AppDelegate.swift in Sources */ = {isa = PBXBuildFile; fileRef = 8767BDDE2504CE970096AC7F /* AppDelegate.swift */; };
		8767BDE12504CE970096AC7F /* SceneDelegate.swift in Sources */ = {isa = PBXBuildFile; fileRef = 8767BDE02504CE970096AC7F /* SceneDelegate.swift */; };
		8767BDE32504CE970096AC7F /* mainPageVC.swift in Sources */ = {isa = PBXBuildFile; fileRef = 8767BDE22504CE970096AC7F /* mainPageVC.swift */; };
		8767BDE62504CE970096AC7F /* Main.storyboard in Resources */ = {isa = PBXBuildFile; fileRef = 8767BDE42504CE970096AC7F /* Main.storyboard */; };
		8767BDE92504CE970096AC7F /* SmartShopping.xcdatamodeld in Sources */ = {isa = PBXBuildFile; fileRef = 8767BDE72504CE970096AC7F /* SmartShopping.xcdatamodeld */; };
		8767BDEB2504CE980096AC7F /* Assets.xcassets in Resources */ = {isa = PBXBuildFile; fileRef = 8767BDEA2504CE980096AC7F /* Assets.xcassets */; };
		8767BDEE2504CE980096AC7F /* LaunchScreen.storyboard in Resources */ = {isa = PBXBuildFile; fileRef = 8767BDEC2504CE980096AC7F /* LaunchScreen.storyboard */; };
		8767BDFB2504EC7E0096AC7F /* ItemCell.swift in Sources */ = {isa = PBXBuildFile; fileRef = 8767BDFA2504EC7E0096AC7F /* ItemCell.swift */; };
/* End PBXBuildFile section */

/* Begin PBXFileReference section */
		8767BDDB2504CE970096AC7F /* SmartShopping.app */ = {isa = PBXFileReference; explicitFileType = wrapper.application; includeInIndex = 0; path = SmartShopping.app; sourceTree = BUILT_PRODUCTS_DIR; };
		8767BDDE2504CE970096AC7F /* AppDelegate.swift */ = {isa = PBXFileReference; lastKnownFileType = sourcecode.swift; path = AppDelegate.swift; sourceTree = "<group>"; };
		8767BDE02504CE970096AC7F /* SceneDelegate.swift */ = {isa = PBXFileReference; lastKnownFileType = sourcecode.swift; path = SceneDelegate.swift; sourceTree = "<group>"; };
		8767BDE22504CE970096AC7F /* mainPageVC.swift */ = {isa = PBXFileReference; lastKnownFileType = sourcecode.swift; path = mainPageVC.swift; sourceTree = "<group>"; };
		8767BDE52504CE970096AC7F /* Base */ = {isa = PBXFileReference; lastKnownFileType = file.storyboard; name = Base; path = Base.lproj/Main.storyboard; sourceTree = "<group>"; };
		8767BDE82504CE970096AC7F /* SmartShopping.xcdatamodel */ = {isa = PBXFileReference; lastKnownFileType = wrapper.xcdatamodel; path = SmartShopping.xcdatamodel; sourceTree = "<group>"; };
		8767BDEA2504CE980096AC7F /* Assets.xcassets */ = {isa = PBXFileReference; lastKnownFileType = folder.assetcatalog; path = Assets.xcassets; sourceTree = "<group>"; };
		8767BDED2504CE980096AC7F /* Base */ = {isa = PBXFileReference; lastKnownFileType = file.storyboard; name = Base; path = Base.lproj/LaunchScreen.storyboard; sourceTree = "<group>"; };
		8767BDEF2504CE980096AC7F /* Info.plist */ = {isa = PBXFileReference; lastKnownFileType = text.plist.xml; path = Info.plist; sourceTree = "<group>"; };
		8767BDFA2504EC7E0096AC7F /* ItemCell.swift */ = {isa = PBXFileReference; lastKnownFileType = sourcecode.swift; path = ItemCell.swift; sourceTree = "<group>"; };
/* End PBXFileReference section */

/* Begin PBXFrameworksBuildPhase section */
		8767BDD82504CE970096AC7F /* Frameworks */ = {
			isa = PBXFrameworksBuildPhase;
			buildActionMask = 2147483647;
			files = (
			);
			runOnlyForDeploymentPostprocessing = 0;
		};
/* End PBXFrameworksBuildPhase section */

/* Begin PBXGroup section */
		8767BDD22504CE970096AC7F = {
			isa = PBXGroup;
			children = (
				8767BDDD2504CE970096AC7F /* SmartShopping */,
				8767BDDC2504CE970096AC7F /* Products */,
			);
			sourceTree = "<group>";
		};
		8767BDDC2504CE970096AC7F /* Products */ = {
			isa = PBXGroup;
			children = (
				8767BDDB2504CE970096AC7F /* SmartShopping.app */,
			);
			name = Products;
			sourceTree = "<group>";
		};
		8767BDDD2504CE970096AC7F /* SmartShopping */ = {
			isa = PBXGroup;
			children = (
				8767BDF72504E86E0096AC7F /* Extension */,
				8767BDF62504E8640096AC7F /* View */,
				8767BDF52504DA250096AC7F /* Controller */,
				8767BDDE2504CE970096AC7F /* AppDelegate.swift */,
				8767BDE02504CE970096AC7F /* SceneDelegate.swift */,
				8767BDE42504CE970096AC7F /* Main.storyboard */,
				8767BDEA2504CE980096AC7F /* Assets.xcassets */,
				8767BDEC2504CE980096AC7F /* LaunchScreen.storyboard */,
				8767BDEF2504CE980096AC7F /* Info.plist */,
				8767BDE72504CE970096AC7F /* SmartShopping.xcdatamodeld */,
			);
			path = SmartShopping;
			sourceTree = "<group>";
		};
		8767BDF52504DA250096AC7F /* Controller */ = {
			isa = PBXGroup;
			children = (
				8767BDE22504CE970096AC7F /* mainPageVC.swift */,
			);
			path = Controller;
			sourceTree = "<group>";
		};
		8767BDF62504E8640096AC7F /* View */ = {
			isa = PBXGroup;
			children = (
				8767BDFA2504EC7E0096AC7F /* ItemCell.swift */,
			);
			path = View;
			sourceTree = "<group>";
		};
		8767BDF72504E86E0096AC7F /* Extension */ = {
			isa = PBXGroup;
			children = (
			);
			path = Extension;
			sourceTree = "<group>";
		};
/* End PBXGroup section */

/* Begin PBXNativeTarget section */
		8767BDDA2504CE970096AC7F /* SmartShopping */ = {
			isa = PBXNativeTarget;
			buildConfigurationList = 8767BDF22504CE980096AC7F /* Build configuration list for PBXNativeTarget "SmartShopping" */;
			buildPhases = (
				8767BDD72504CE970096AC7F /* Sources */,
				8767BDD82504CE970096AC7F /* Frameworks */,
				8767BDD92504CE970096AC7F /* Resources */,
			);
			buildRules = (
			);
			dependencies = (
			);
			name = SmartShopping;
			productName = SmartShopping;
			productReference = 8767BDDB2504CE970096AC7F /* SmartShopping.app */;
			productType = "com.apple.product-type.application";
		};
/* End PBXNativeTarget section */

/* Begin PBXProject section */
		8767BDD32504CE970096AC7F /* Project object */ = {
			isa = PBXProject;
			attributes = {
				LastSwiftUpdateCheck = 1160;
				LastUpgradeCheck = 1160;
				ORGANIZATIONNAME = Xiao;
				TargetAttributes = {
					8767BDDA2504CE970096AC7F = {
						CreatedOnToolsVersion = 11.6;
					};
				};
			};
			buildConfigurationList = 8767BDD62504CE970096AC7F /* Build configuration list for PBXProject "SmartShopping" */;
			compatibilityVersion = "Xcode 9.3";
			developmentRegion = en;
			hasScannedForEncodings = 0;
			knownRegions = (
				en,
				Base,
			);
			mainGroup = 8767BDD22504CE970096AC7F;
			productRefGroup = 8767BDDC2504CE970096AC7F /* Products */;
			projectDirPath = "";
			projectRoot = "";
			targets = (
				8767BDDA2504CE970096AC7F /* SmartShopping */,
			);
		};
/* End PBXProject section */

/* Begin PBXResourcesBuildPhase section */
		8767BDD92504CE970096AC7F /* Resources */ = {
			isa = PBXResourcesBuildPhase;
			buildActionMask = 2147483647;
			files = (
				8767BDEE2504CE980096AC7F /* LaunchScreen.storyboard in Resources */,
				8767BDEB2504CE980096AC7F /* Assets.xcassets in Resources */,
				8767BDE62504CE970096AC7F /* Main.storyboard in Resources */,
			);
			runOnlyForDeploymentPostprocessing = 0;
		};
/* End PBXResourcesBuildPhase section */

/* Begin PBXSourcesBuildPhase section */
		8767BDD72504CE970096AC7F /* Sources */ = {
			isa = PBXSourcesBuildPhase;
			buildActionMask = 2147483647;
			files = (
				8767BDE32504CE970096AC7F /* mainPageVC.swift in Sources */,
				8767BDE92504CE970096AC7F /* SmartShopping.xcdatamodeld in Sources */,
				8767BDDF2504CE970096AC7F /* AppDelegate.swift in Sources */,
				8767BDE12504CE970096AC7F /* SceneDelegate.swift in Sources */,
				8767BDFB2504EC7E0096AC7F /* ItemCell.swift in Sources */,
			);
			runOnlyForDeploymentPostprocessing = 0;
		};
/* End PBXSourcesBuildPhase section */

/* Begin PBXVariantGroup section */
		8767BDE42504CE970096AC7F /* Main.storyboard */ = {
			isa = PBXVariantGroup;
			children = (
				8767BDE52504CE970096AC7F /* Base */,
			);
			name = Main.storyboard;
			sourceTree = "<group>";
		};
		8767BDEC2504CE980096AC7F /* LaunchScreen.storyboard */ = {
			isa = PBXVariantGroup;
			children = (
				8767BDED2504CE980096AC7F /* Base */,
			);
			name = LaunchScreen.storyboard;
			sourceTree = "<group>";
		};
/* End PBXVariantGroup section */

/* Begin XCBuildConfiguration section */
		8767BDF02504CE980096AC7F /* Debug */ = {
			isa = XCBuildConfiguration;
			buildSettings = {
				ALWAYS_SEARCH_USER_PATHS = NO;
				CLANG_ANALYZER_NONNULL = YES;
				CLANG_ANALYZER_NUMBER_OBJECT_CONVERSION = YES_AGGRESSIVE;
				CLANG_CXX_LANGUAGE_STANDARD = "gnu++14";
				CLANG_CXX_LIBRARY = "libc++";
				CLANG_ENABLE_MODULES = YES;
				CLANG_ENABLE_OBJC_ARC = YES;
				CLANG_ENABLE_OBJC_WEAK = YES;
				CLANG_WARN_BLOCK_CAPTURE_AUTORELEASING = YES;
				CLANG_WARN_BOOL_CONVERSION = YES;
				CLANG_WARN_COMMA = YES;
				CLANG_WARN_CONSTANT_CONVERSION = YES;
				CLANG_WARN_DEPRECATED_OBJC_IMPLEMENTATIONS = YES;
				CLANG_WARN_DIRECT_OBJC_ISA_USAGE = YES_ERROR;
				CLANG_WARN_DOCUMENTATION_COMMENTS = YES;
				CLANG_WARN_EMPTY_BODY = YES;
				CLANG_WARN_ENUM_CONVERSION = YES;
				CLANG_WARN_INFINITE_RECURSION = YES;
				CLANG_WARN_INT_CONVERSION = YES;
				CLANG_WARN_NON_LITERAL_NULL_CONVERSION = YES;
				CLANG_WARN_OBJC_IMPLICIT_RETAIN_SELF = YES;
				CLANG_WARN_OBJC_LITERAL_CONVERSION = YES;
				CLANG_WARN_OBJC_ROOT_CLASS = YES_ERROR;
				CLANG_WARN_RANGE_LOOP_ANALYSIS = YES;
				CLANG_WARN_STRICT_PROTOTYPES = YES;
				CLANG_WARN_SUSPICIOUS_MOVE = YES;
				CLANG_WARN_UNGUARDED_AVAILABILITY = YES_AGGRESSIVE;
				CLANG_WARN_UNREACHABLE_CODE = YES;
				CLANG_WARN__DUPLICATE_METHOD_MATCH = YES;
				COPY_PHASE_STRIP = NO;
				DEBUG_INFORMATION_FORMAT = dwarf;
				ENABLE_STRICT_OBJC_MSGSEND = YES;
				ENABLE_TESTABILITY = YES;
				GCC_C_LANGUAGE_STANDARD = gnu11;
				GCC_DYNAMIC_NO_PIC = NO;
				GCC_NO_COMMON_BLOCKS = YES;
				GCC_OPTIMIZATION_LEVEL = 0;
				GCC_PREPROCESSOR_DEFINITIONS = (
					"DEBUG=1",
					"$(inherited)",
				);
				GCC_WARN_64_TO_32_BIT_CONVERSION = YES;
				GCC_WARN_ABOUT_RETURN_TYPE = YES_ERROR;
				GCC_WARN_UNDECLARED_SELECTOR = YES;
				GCC_WARN_UNINITIALIZED_AUTOS = YES_AGGRESSIVE;
				GCC_WARN_UNUSED_FUNCTION = YES;
				GCC_WARN_UNUSED_VARIABLE = YES;
				IPHONEOS_DEPLOYMENT_TARGET = 13.6;
				MTL_ENABLE_DEBUG_INFO = INCLUDE_SOURCE;
				MTL_FAST_MATH = YES;
				ONLY_ACTIVE_ARCH = YES;
				SDKROOT = iphoneos;
				SWIFT_ACTIVE_COMPILATION_CONDITIONS = DEBUG;
				SWIFT_OPTIMIZATION_LEVEL = "-Onone";
			};
			name = Debug;
		};
		8767BDF12504CE980096AC7F /* Release */ = {
			isa = XCBuildConfiguration;
			buildSettings = {
				ALWAYS_SEARCH_USER_PATHS = NO;
				CLANG_ANALYZER_NONNULL = YES;
				CLANG_ANALYZER_NUMBER_OBJECT_CONVERSION = YES_AGGRESSIVE;
				CLANG_CXX_LANGUAGE_STANDARD = "gnu++14";
				CLANG_CXX_LIBRARY = "libc++";
				CLANG_ENABLE_MODULES = YES;
				CLANG_ENABLE_OBJC_ARC = YES;
				CLANG_ENABLE_OBJC_WEAK = YES;
				CLANG_WARN_BLOCK_CAPTURE_AUTORELEASING = YES;
				CLANG_WARN_BOOL_CONVERSION = YES;
				CLANG_WARN_COMMA = YES;
				CLANG_WARN_CONSTANT_CONVERSION = YES;
				CLANG_WARN_DEPRECATED_OBJC_IMPLEMENTATIONS = YES;
				CLANG_WARN_DIRECT_OBJC_ISA_USAGE = YES_ERROR;
				CLANG_WARN_DOCUMENTATION_COMMENTS = YES;
				CLANG_WARN_EMPTY_BODY = YES;
				CLANG_WARN_ENUM_CONVERSION = YES;
				CLANG_WARN_INFINITE_RECURSION = YES;
				CLANG_WARN_INT_CONVERSION = YES;
				CLANG_WARN_NON_LITERAL_NULL_CONVERSION = YES;
				CLANG_WARN_OBJC_IMPLICIT_RETAIN_SELF = YES;
				CLANG_WARN_OBJC_LITERAL_CONVERSION = YES;
				CLANG_WARN_OBJC_ROOT_CLASS = YES_ERROR;
				CLANG_WARN_RANGE_LOOP_ANALYSIS = YES;
				CLANG_WARN_STRICT_PROTOTYPES = YES;
				CLANG_WARN_SUSPICIOUS_MOVE = YES;
				CLANG_WARN_UNGUARDED_AVAILABILITY = YES_AGGRESSIVE;
				CLANG_WARN_UNREACHABLE_CODE = YES;
				CLANG_WARN__DUPLICATE_METHOD_MATCH = YES;
				COPY_PHASE_STRIP = NO;
				DEBUG_INFORMATION_FORMAT = "dwarf-with-dsym";
				ENABLE_NS_ASSERTIONS = NO;
				ENABLE_STRICT_OBJC_MSGSEND = YES;
				GCC_C_LANGUAGE_STANDARD = gnu11;
				GCC_NO_COMMON_BLOCKS = YES;
				GCC_WARN_64_TO_32_BIT_CONVERSION = YES;
				GCC_WARN_ABOUT_RETURN_TYPE = YES_ERROR;
				GCC_WARN_UNDECLARED_SELECTOR = YES;
				GCC_WARN_UNINITIALIZED_AUTOS = YES_AGGRESSIVE;
				GCC_WARN_UNUSED_FUNCTION = YES;
				GCC_WARN_UNUSED_VARIABLE = YES;
				IPHONEOS_DEPLOYMENT_TARGET = 13.6;
				MTL_ENABLE_DEBUG_INFO = NO;
				MTL_FAST_MATH = YES;
				SDKROOT = iphoneos;
				SWIFT_COMPILATION_MODE = wholemodule;
				SWIFT_OPTIMIZATION_LEVEL = "-O";
				VALIDATE_PRODUCT = YES;
			};
			name = Release;
		};
		8767BDF32504CE980096AC7F /* Debug */ = {
			isa = XCBuildConfiguration;
			buildSettings = {
				ASSETCATALOG_COMPILER_APPICON_NAME = AppIcon;
				CODE_SIGN_STYLE = Automatic;
				DEVELOPMENT_TEAM = X639L8NC7X;
				INFOPLIST_FILE = SmartShopping/Info.plist;
				LD_RUNPATH_SEARCH_PATHS = (
					"$(inherited)",
					"@executable_path/Frameworks",
				);
				PRODUCT_BUNDLE_IDENTIFIER = com.xiao.SmartShopping;
				PRODUCT_NAME = "$(TARGET_NAME)";
				SWIFT_VERSION = 5.0;
				TARGETED_DEVICE_FAMILY = "1,2";
			};
			name = Debug;
		};
		8767BDF42504CE980096AC7F /* Release */ = {
			isa = XCBuildConfiguration;
			buildSettings = {
				ASSETCATALOG_COMPILER_APPICON_NAME = AppIcon;
				CODE_SIGN_STYLE = Automatic;
				DEVELOPMENT_TEAM = X639L8NC7X;
				INFOPLIST_FILE = SmartShopping/Info.plist;
				LD_RUNPATH_SEARCH_PATHS = (
					"$(inherited)",
					"@executable_path/Frameworks",
				);
				PRODUCT_BUNDLE_IDENTIFIER = com.xiao.SmartShopping;
				PRODUCT_NAME = "$(TARGET_NAME)";
				SWIFT_VERSION = 5.0;
				TARGETED_DEVICE_FAMILY = "1,2";
			};
			name = Release;
		};
/* End XCBuildConfiguration section */

/* Begin XCConfigurationList section */
		8767BDD62504CE970096AC7F /* Build configuration list for PBXProject "SmartShopping" */ = {
			isa = XCConfigurationList;
			buildConfigurations = (
				8767BDF02504CE980096AC7F /* Debug */,
				8767BDF12504CE980096AC7F /* Release */,
			);
			defaultConfigurationIsVisible = 0;
			defaultConfigurationName = Release;
		};
		8767BDF22504CE980096AC7F /* Build configuration list for PBXNativeTarget "SmartShopping" */ = {
			isa = XCConfigurationList;
			buildConfigurations = (
				8767BDF32504CE980096AC7F /* Debug */,
				8767BDF42504CE980096AC7F /* Release */,
			);
			defaultConfigurationIsVisible = 0;
			defaultConfigurationName = Release;
		};
/* End XCConfigurationList section */

/* Begin XCVersionGroup section */
		8767BDE72504CE970096AC7F /* SmartShopping.xcdatamodeld */ = {
			isa = XCVersionGroup;
			children = (
				8767BDE82504CE970096AC7F /* SmartShopping.xcdatamodel */,
			);
			currentVersion = 8767BDE82504CE970096AC7F /* SmartShopping.xcdatamodel */;
			path = SmartShopping.xcdatamodeld;
			sourceTree = "<group>";
			versionGroupType = wrapper.xcdatamodel;
		};
/* End XCVersionGroup section */
	};
	rootObject = 8767BDD32504CE970096AC7F /* Project object */;
}
